
Microsoft Visual Studio Solution File, Format Version 12.00
# Visual Studio Version 17
VisualStudioVersion = 17.13.35931.197 d17.13
MinimumVisualStudioVersion = 10.0.40219.1
Project("{FAE04EC0-301F-11D3-BF4B-00C04F79EFBC}") = "1st Assignment", "1st Assignment.csproj", "{1D1E0415-8300-4D73-B954-0867C9698DA5}"
EndProject
Global
	GlobalSection(SolutionConfigurationPlatforms) = preSolution
		Debug|Any CPU = Debug|Any CPU
		Release|Any CPU = Release|Any CPU
	EndGlobalSection
	GlobalSection(ProjectConfigurationPlatforms) = postSolution
		{1D1E0415-8300-4D73-B954-0867C9698DA5}.Debug|Any CPU.ActiveCfg = Debug|Any CPU
		{1D1E0415-8300-4D73-B954-0867C9698DA5}.Debug|Any CPU.Build.0 = Debug|Any CPU
		{1D1E0415-8300-4D73-B954-0867C9698DA5}.Release|Any CPU.ActiveCfg = Release|Any CPU
		{1D1E0415-8300-4D73-B954-0867C9698DA5}.Release|Any CPU.Build.0 = Release|Any CPU
	EndGlobalSection
	GlobalSection(SolutionProperties) = preSolution
		HideSolutionNode = FALSE
	EndGlobalSection
	GlobalSection(ExtensibilityGlobals) = postSolution
		SolutionGuid = {8DB7F65E-EC5F-431F-B7A0-F5C3ACA71BEC}
	EndGlobalSection
EndGlobal
